// !$*UTF8*$!
{
	archiveVersion = 1;
	classes = {
	};
	objectVersion = 55;
	objects = {

/* Begin PBXBuildFile section */
		A4187EB0272885D20017F391 /* AppDelegate.swift in Sources */ = {isa = PBXBuildFile; fileRef = A4187EAF272885D20017F391 /* AppDelegate.swift */; };
		A4187EB2272885D20017F391 /* SceneDelegate.swift in Sources */ = {isa = PBXBuildFile; fileRef = A4187EB1272885D20017F391 /* SceneDelegate.swift */; };
		A4187EB4272885D20017F391 /* ViewController.swift in Sources */ = {isa = PBXBuildFile; fileRef = A4187EB3272885D20017F391 /* ViewController.swift */; };
		A4187EB7272885D20017F391 /* Main.storyboard in Resources */ = {isa = PBXBuildFile; fileRef = A4187EB5272885D20017F391 /* Main.storyboard */; };
		A4187EBA272885D20017F391 /* UnitTestDemo.xcdatamodeld in Sources */ = {isa = PBXBuildFile; fileRef = A4187EB8272885D20017F391 /* UnitTestDemo.xcdatamodeld */; };
		A4187EBC272885D40017F391 /* Assets.xcassets in Resources */ = {isa = PBXBuildFile; fileRef = A4187EBB272885D40017F391 /* Assets.xcassets */; };
		A4187EBF272885D40017F391 /* LaunchScreen.storyboard in Resources */ = {isa = PBXBuildFile; fileRef = A4187EBD272885D40017F391 /* LaunchScreen.storyboard */; };
		A4187ECA272885D40017F391 /* UnitTestDemoTests.swift in Sources */ = {isa = PBXBuildFile; fileRef = A4187EC9272885D40017F391 /* UnitTestDemoTests.swift */; };
		A4187ED4272885D40017F391 /* UnitTestDemoUITests.swift in Sources */ = {isa = PBXBuildFile; fileRef = A4187ED3272885D40017F391 /* UnitTestDemoUITests.swift */; };
		A4187ED6272885D40017F391 /* UnitTestDemoUITestsLaunchTests.swift in Sources */ = {isa = PBXBuildFile; fileRef = A4187ED5272885D40017F391 /* UnitTestDemoUITestsLaunchTests.swift */; };
		A4187EE6272887E40017F391 /* SignUpViewModel.swift in Sources */ = {isa = PBXBuildFile; fileRef = A4187EE5272887E40017F391 /* SignUpViewModel.swift */; };
		A4187EE7272887E40017F391 /* SignUpViewModel.swift in Sources */ = {isa = PBXBuildFile; fileRef = A4187EE5272887E40017F391 /* SignUpViewModel.swift */; };
		A4187EE9272887F70017F391 /* SignupModel.swift in Sources */ = {isa = PBXBuildFile; fileRef = A4187EE8272887F70017F391 /* SignupModel.swift */; };
		A4187EEA272887F70017F391 /* SignupModel.swift in Sources */ = {isa = PBXBuildFile; fileRef = A4187EE8272887F70017F391 /* SignupModel.swift */; };
		A4187EED2728912A0017F391 /* WebServiceHandler.swift in Sources */ = {isa = PBXBuildFile; fileRef = A4187EEC2728912A0017F391 /* WebServiceHandler.swift */; };
		A4187EEE2728912A0017F391 /* WebServiceHandler.swift in Sources */ = {isa = PBXBuildFile; fileRef = A4187EEC2728912A0017F391 /* WebServiceHandler.swift */; };
		A4187EF127289FCA0017F391 /* SignupViewController.swift in Sources */ = {isa = PBXBuildFile; fileRef = A4187EF027289FCA0017F391 /* SignupViewController.swift */; };
		A4187EF227289FCA0017F391 /* SignupViewController.swift in Sources */ = {isa = PBXBuildFile; fileRef = A4187EF027289FCA0017F391 /* SignupViewController.swift */; };
		A4187EF42728A7330017F391 /* Test_SignUpViewModel.swift in Sources */ = {isa = PBXBuildFile; fileRef = A4187EF32728A7330017F391 /* Test_SignUpViewModel.swift */; };
/* End PBXBuildFile section */

/* Begin PBXContainerItemProxy section */
		A4187EC6272885D40017F391 /* PBXContainerItemProxy */ = {
			isa = PBXContainerItemProxy;
			containerPortal = A4187EA4272885D20017F391 /* Project object */;
			proxyType = 1;
			remoteGlobalIDString = A4187EAB272885D20017F391;
			remoteInfo = UnitTestDemo;
		};
		A4187ED0272885D40017F391 /* PBXContainerItemProxy */ = {
			isa = PBXContainerItemProxy;
			containerPortal = A4187EA4272885D20017F391 /* Project object */;
			proxyType = 1;
			remoteGlobalIDString = A4187EAB272885D20017F391;
			remoteInfo = UnitTestDemo;
		};
/* End PBXContainerItemProxy section */

/* Begin PBXFileReference section */
		A4187EAC272885D20017F391 /* UnitTestDemo.app */ = {isa = PBXFileReference; explicitFileType = wrapper.application; includeInIndex = 0; path = UnitTestDemo.app; sourceTree = BUILT_PRODUCTS_DIR; };
		A4187EAF272885D20017F391 /* AppDelegate.swift */ = {isa = PBXFileReference; lastKnownFileType = sourcecode.swift; path = AppDelegate.swift; sourceTree = "<group>"; };
		A4187EB1272885D20017F391 /* SceneDelegate.swift */ = {isa = PBXFileReference; lastKnownFileType = sourcecode.swift; path = SceneDelegate.swift; sourceTree = "<group>"; };
		A4187EB3272885D20017F391 /* ViewController.swift */ = {isa = PBXFileReference; lastKnownFileType = sourcecode.swift; path = ViewController.swift; sourceTree = "<group>"; };
		A4187EB6272885D20017F391 /* Base */ = {isa = PBXFileReference; lastKnownFileType = file.storyboard; name = Base; path = Base.lproj/Main.storyboard; sourceTree = "<group>"; };
		A4187EB9272885D20017F391 /* UnitTestDemo.xcdatamodel */ = {isa = PBXFileReference; lastKnownFileType = wrapper.xcdatamodel; path = UnitTestDemo.xcdatamodel; sourceTree = "<group>"; };
		A4187EBB272885D40017F391 /* Assets.xcassets */ = {isa = PBXFileReference; lastKnownFileType = folder.assetcatalog; path = Assets.xcassets; sourceTree = "<group>"; };
		A4187EBE272885D40017F391 /* Base */ = {isa = PBXFileReference; lastKnownFileType = file.storyboard; name = Base; path = Base.lproj/LaunchScreen.storyboard; sourceTree = "<group>"; };
		A4187EC0272885D40017F391 /* Info.plist */ = {isa = PBXFileReference; lastKnownFileType = text.plist.xml; path = Info.plist; sourceTree = "<group>"; };
		A4187EC5272885D40017F391 /* UnitTestDemoTests.xctest */ = {isa = PBXFileReference; explicitFileType = wrapper.cfbundle; includeInIndex = 0; path = UnitTestDemoTests.xctest; sourceTree = BUILT_PRODUCTS_DIR; };
		A4187EC9272885D40017F391 /* UnitTestDemoTests.swift */ = {isa = PBXFileReference; lastKnownFileType = sourcecode.swift; path = UnitTestDemoTests.swift; sourceTree = "<group>"; };
		A4187ECF272885D40017F391 /* UnitTestDemoUITests.xctest */ = {isa = PBXFileReference; explicitFileType = wrapper.cfbundle; includeInIndex = 0; path = UnitTestDemoUITests.xctest; sourceTree = BUILT_PRODUCTS_DIR; };
		A4187ED3272885D40017F391 /* UnitTestDemoUITests.swift */ = {isa = PBXFileReference; lastKnownFileType = sourcecode.swift; path = UnitTestDemoUITests.swift; sourceTree = "<group>"; };
		A4187ED5272885D40017F391 /* UnitTestDemoUITestsLaunchTests.swift */ = {isa = PBXFileReference; lastKnownFileType = sourcecode.swift; path = UnitTestDemoUITestsLaunchTests.swift; sourceTree = "<group>"; };
		A4187EE5272887E40017F391 /* SignUpViewModel.swift */ = {isa = PBXFileReference; lastKnownFileType = sourcecode.swift; path = SignUpViewModel.swift; sourceTree = "<group>"; };
		A4187EE8272887F70017F391 /* SignupModel.swift */ = {isa = PBXFileReference; lastKnownFileType = sourcecode.swift; path = SignupModel.swift; sourceTree = "<group>"; };
		A4187EEC2728912A0017F391 /* WebServiceHandler.swift */ = {isa = PBXFileReference; lastKnownFileType = sourcecode.swift; path = WebServiceHandler.swift; sourceTree = "<group>"; };
		A4187EF027289FCA0017F391 /* SignupViewController.swift */ = {isa = PBXFileReference; lastKnownFileType = sourcecode.swift; path = SignupViewController.swift; sourceTree = "<group>"; };
		A4187EF32728A7330017F391 /* Test_SignUpViewModel.swift */ = {isa = PBXFileReference; lastKnownFileType = sourcecode.swift; path = Test_SignUpViewModel.swift; sourceTree = "<group>"; };
/* End PBXFileReference section */

/* Begin PBXFrameworksBuildPhase section */
		A4187EA9272885D20017F391 /* Frameworks */ = {
			isa = PBXFrameworksBuildPhase;
			buildActionMask = 2147483647;
			files = (
			);
			runOnlyForDeploymentPostprocessing = 0;
		};
		A4187EC2272885D40017F391 /* Frameworks */ = {
			isa = PBXFrameworksBuildPhase;
			buildActionMask = 2147483647;
			files = (
			);
			runOnlyForDeploymentPostprocessing = 0;
		};
		A4187ECC272885D40017F391 /* Frameworks */ = {
			isa = PBXFrameworksBuildPhase;
			buildActionMask = 2147483647;
			files = (
			);
			runOnlyForDeploymentPostprocessing = 0;
		};
/* End PBXFrameworksBuildPhase section */

/* Begin PBXGroup section */
		A4187EA3272885D20017F391 = {
			isa = PBXGroup;
			children = (
				A4187EAE272885D20017F391 /* UnitTestDemo */,
				A4187EC8272885D40017F391 /* UnitTestDemoTests */,
				A4187ED2272885D40017F391 /* UnitTestDemoUITests */,
				A4187EAD272885D20017F391 /* Products */,
			);
			sourceTree = "<group>";
		};
		A4187EAD272885D20017F391 /* Products */ = {
			isa = PBXGroup;
			children = (
				A4187EAC272885D20017F391 /* UnitTestDemo.app */,
				A4187EC5272885D40017F391 /* UnitTestDemoTests.xctest */,
				A4187ECF272885D40017F391 /* UnitTestDemoUITests.xctest */,
			);
			name = Products;
			sourceTree = "<group>";
		};
		A4187EAE272885D20017F391 /* UnitTestDemo */ = {
			isa = PBXGroup;
			children = (
				A4187EE2272887A70017F391 /* SignUp */,
				A4187EAF272885D20017F391 /* AppDelegate.swift */,
				A4187EB1272885D20017F391 /* SceneDelegate.swift */,
				A4187EB3272885D20017F391 /* ViewController.swift */,
				A4187EB5272885D20017F391 /* Main.storyboard */,
				A4187EBB272885D40017F391 /* Assets.xcassets */,
				A4187EBD272885D40017F391 /* LaunchScreen.storyboard */,
				A4187EC0272885D40017F391 /* Info.plist */,
				A4187EB8272885D20017F391 /* UnitTestDemo.xcdatamodeld */,
			);
			path = UnitTestDemo;
			sourceTree = "<group>";
		};
		A4187EC8272885D40017F391 /* UnitTestDemoTests */ = {
			isa = PBXGroup;
			children = (
				A4187EC9272885D40017F391 /* UnitTestDemoTests.swift */,
				A4187EF32728A7330017F391 /* Test_SignUpViewModel.swift */,
			);
			path = UnitTestDemoTests;
			sourceTree = "<group>";
		};
		A4187ED2272885D40017F391 /* UnitTestDemoUITests */ = {
			isa = PBXGroup;
			children = (
				A4187ED3272885D40017F391 /* UnitTestDemoUITests.swift */,
				A4187ED5272885D40017F391 /* UnitTestDemoUITestsLaunchTests.swift */,
			);
			path = UnitTestDemoUITests;
			sourceTree = "<group>";
		};
		A4187EE2272887A70017F391 /* SignUp */ = {
			isa = PBXGroup;
			children = (
				A4187EE3272887B20017F391 /* Model */,
				A4187EEF27289F500017F391 /* View */,
				A4187EE4272887BB0017F391 /* ViewModel */,
				A4187EEB272891120017F391 /* Service */,
			);
			path = SignUp;
			sourceTree = "<group>";
		};
		A4187EE3272887B20017F391 /* Model */ = {
			isa = PBXGroup;
			children = (
				A4187EE8272887F70017F391 /* SignupModel.swift */,
			);
			path = Model;
			sourceTree = "<group>";
		};
		A4187EE4272887BB0017F391 /* ViewModel */ = {
			isa = PBXGroup;
			children = (
				A4187EE5272887E40017F391 /* SignUpViewModel.swift */,
			);
			path = ViewModel;
			sourceTree = "<group>";
		};
		A4187EEB272891120017F391 /* Service */ = {
			isa = PBXGroup;
			children = (
				A4187EEC2728912A0017F391 /* WebServiceHandler.swift */,
			);
			path = Service;
			sourceTree = "<group>";
		};
		A4187EEF27289F500017F391 /* View */ = {
			isa = PBXGroup;
			children = (
				A4187EF027289FCA0017F391 /* SignupViewController.swift */,
			);
			path = View;
			sourceTree = "<group>";
		};
/* End PBXGroup section */

/* Begin PBXNativeTarget section */
		A4187EAB272885D20017F391 /* UnitTestDemo */ = {
			isa = PBXNativeTarget;
			buildConfigurationList = A4187ED9272885D40017F391 /* Build configuration list for PBXNativeTarget "UnitTestDemo" */;
			buildPhases = (
				A4187EA8272885D20017F391 /* Sources */,
				A4187EA9272885D20017F391 /* Frameworks */,
				A4187EAA272885D20017F391 /* Resources */,
			);
			buildRules = (
			);
			dependencies = (
			);
			name = UnitTestDemo;
			productName = UnitTestDemo;
			productReference = A4187EAC272885D20017F391 /* UnitTestDemo.app */;
			productType = "com.apple.product-type.application";
		};
		A4187EC4272885D40017F391 /* UnitTestDemoTests */ = {
			isa = PBXNativeTarget;
			buildConfigurationList = A4187EDC272885D40017F391 /* Build configuration list for PBXNativeTarget "UnitTestDemoTests" */;
			buildPhases = (
				A4187EC1272885D40017F391 /* Sources */,
				A4187EC2272885D40017F391 /* Frameworks */,
				A4187EC3272885D40017F391 /* Resources */,
			);
			buildRules = (
			);
			dependencies = (
				A4187EC7272885D40017F391 /* PBXTargetDependency */,
			);
			name = UnitTestDemoTests;
			productName = UnitTestDemoTests;
			productReference = A4187EC5272885D40017F391 /* UnitTestDemoTests.xctest */;
			productType = "com.apple.product-type.bundle.unit-test";
		};
		A4187ECE272885D40017F391 /* UnitTestDemoUITests */ = {
			isa = PBXNativeTarget;
			buildConfigurationList = A4187EDF272885D40017F391 /* Build configuration list for PBXNativeTarget "UnitTestDemoUITests" */;
			buildPhases = (
				A4187ECB272885D40017F391 /* Sources */,
				A4187ECC272885D40017F391 /* Frameworks */,
				A4187ECD272885D40017F391 /* Resources */,
			);
			buildRules = (
			);
			dependencies = (
				A4187ED1272885D40017F391 /* PBXTargetDependency */,
			);
			name = UnitTestDemoUITests;
			productName = UnitTestDemoUITests;
			productReference = A4187ECF272885D40017F391 /* UnitTestDemoUITests.xctest */;
			productType = "com.apple.product-type.bundle.ui-testing";
		};
/* End PBXNativeTarget section */

/* Begin PBXProject section */
		A4187EA4272885D20017F391 /* Project object */ = {
			isa = PBXProject;
			attributes = {
				BuildIndependentTargetsInParallel = 1;
				LastSwiftUpdateCheck = 1300;
				LastUpgradeCheck = 1300;
				TargetAttributes = {
					A4187EAB272885D20017F391 = {
						CreatedOnToolsVersion = 13.0;
					};
					A4187EC4272885D40017F391 = {
						CreatedOnToolsVersion = 13.0;
						TestTargetID = A4187EAB272885D20017F391;
					};
					A4187ECE272885D40017F391 = {
						CreatedOnToolsVersion = 13.0;
						TestTargetID = A4187EAB272885D20017F391;
					};
				};
			};
			buildConfigurationList = A4187EA7272885D20017F391 /* Build configuration list for PBXProject "UnitTestDemo" */;
			compatibilityVersion = "Xcode 13.0";
			developmentRegion = en;
			hasScannedForEncodings = 0;
			knownRegions = (
				en,
				Base,
			);
			mainGroup = A4187EA3272885D20017F391;
			productRefGroup = A4187EAD272885D20017F391 /* Products */;
			projectDirPath = "";
			projectRoot = "";
			targets = (
				A4187EAB272885D20017F391 /* UnitTestDemo */,
				A4187EC4272885D40017F391 /* UnitTestDemoTests */,
				A4187ECE272885D40017F391 /* UnitTestDemoUITests */,
			);
		};
/* End PBXProject section */

/* Begin PBXResourcesBuildPhase section */
		A4187EAA272885D20017F391 /* Resources */ = {
			isa = PBXResourcesBuildPhase;
			buildActionMask = 2147483647;
			files = (
				A4187EBF272885D40017F391 /* LaunchScreen.storyboard in Resources */,
				A4187EBC272885D40017F391 /* Assets.xcassets in Resources */,
				A4187EB7272885D20017F391 /* Main.storyboard in Resources */,
			);
			runOnlyForDeploymentPostprocessing = 0;
		};
		A4187EC3272885D40017F391 /* Resources */ = {
			isa = PBXResourcesBuildPhase;
			buildActionMask = 2147483647;
			files = (
			);
			runOnlyForDeploymentPostprocessing = 0;
		};
		A4187ECD272885D40017F391 /* Resources */ = {
			isa = PBXResourcesBuildPhase;
			buildActionMask = 2147483647;
			files = (
			);
			runOnlyForDeploymentPostprocessing = 0;
		};
/* End PBXResourcesBuildPhase section */

/* Begin PBXSourcesBuildPhase section */
		A4187EA8272885D20017F391 /* Sources */ = {
			isa = PBXSourcesBuildPhase;
			buildActionMask = 2147483647;
			files = (
				A4187EB4272885D20017F391 /* ViewController.swift in Sources */,
				A4187EB0272885D20017F391 /* AppDelegate.swift in Sources */,
				A4187EF127289FCA0017F391 /* SignupViewController.swift in Sources */,
				A4187EED2728912A0017F391 /* WebServiceHandler.swift in Sources */,
				A4187EE6272887E40017F391 /* SignUpViewModel.swift in Sources */,
				A4187EE9272887F70017F391 /* SignupModel.swift in Sources */,
				A4187EBA272885D20017F391 /* UnitTestDemo.xcdatamodeld in Sources */,
				A4187EB2272885D20017F391 /* SceneDelegate.swift in Sources */,
			);
			runOnlyForDeploymentPostprocessing = 0;
		};
		A4187EC1272885D40017F391 /* Sources */ = {
			isa = PBXSourcesBuildPhase;
			buildActionMask = 2147483647;
			files = (
				A4187EEA272887F70017F391 /* SignupModel.swift in Sources */,
				A4187EEE2728912A0017F391 /* WebServiceHandler.swift in Sources */,
				A4187EF227289FCA0017F391 /* SignupViewController.swift in Sources */,
				A4187EE7272887E40017F391 /* SignUpViewModel.swift in Sources */,
				A4187EF42728A7330017F391 /* Test_SignUpViewModel.swift in Sources */,
				A4187ECA272885D40017F391 /* UnitTestDemoTests.swift in Sources */,
			);
			runOnlyForDeploymentPostprocessing = 0;
		};
		A4187ECB272885D40017F391 /* Sources */ = {
			isa = PBXSourcesBuildPhase;
			buildActionMask = 2147483647;
			files = (
				A4187ED4272885D40017F391 /* UnitTestDemoUITests.swift in Sources */,
				A4187ED6272885D40017F391 /* UnitTestDemoUITestsLaunchTests.swift in Sources */,
			);
			runOnlyForDeploymentPostprocessing = 0;
		};
/* End PBXSourcesBuildPhase section */

/* Begin PBXTargetDependency section */
		A4187EC7272885D40017F391 /* PBXTargetDependency */ = {
			isa = PBXTargetDependency;
			target = A4187EAB272885D20017F391 /* UnitTestDemo */;
			targetProxy = A4187EC6272885D40017F391 /* PBXContainerItemProxy */;
		};
		A4187ED1272885D40017F391 /* PBXTargetDependency */ = {
			isa = PBXTargetDependency;
			target = A4187EAB272885D20017F391 /* UnitTestDemo */;
			targetProxy = A4187ED0272885D40017F391 /* PBXContainerItemProxy */;
		};
/* End PBXTargetDependency section */

/* Begin PBXVariantGroup section */
		A4187EB5272885D20017F391 /* Main.storyboard */ = {
			isa = PBXVariantGroup;
			children = (
				A4187EB6272885D20017F391 /* Base */,
			);
			name = Main.storyboard;
			sourceTree = "<group>";
		};
		A4187EBD272885D40017F391 /* LaunchScreen.storyboard */ = {
			isa = PBXVariantGroup;
			children = (
				A4187EBE272885D40017F391 /* Base */,
			);
			name = LaunchScreen.storyboard;
			sourceTree = "<group>";
		};
/* End PBXVariantGroup section */

/* Begin XCBuildConfiguration section */
		A4187ED7272885D40017F391 /* Debug */ = {
			isa = XCBuildConfiguration;
			buildSettings = {
				ALWAYS_SEARCH_USER_PATHS = NO;
				CLANG_ANALYZER_NONNULL = YES;
				CLANG_ANALYZER_NUMBER_OBJECT_CONVERSION = YES_AGGRESSIVE;
				CLANG_CXX_LANGUAGE_STANDARD = "gnu++17";
				CLANG_CXX_LIBRARY = "libc++";
				CLANG_ENABLE_MODULES = YES;
				CLANG_ENABLE_OBJC_ARC = YES;
				CLANG_ENABLE_OBJC_WEAK = YES;
				CLANG_WARN_BLOCK_CAPTURE_AUTORELEASING = YES;
				CLANG_WARN_BOOL_CONVERSION = YES;
				CLANG_WARN_COMMA = YES;
				CLANG_WARN_CONSTANT_CONVERSION = YES;
				CLANG_WARN_DEPRECATED_OBJC_IMPLEMENTATIONS = YES;
				CLANG_WARN_DIRECT_OBJC_ISA_USAGE = YES_ERROR;
				CLANG_WARN_DOCUMENTATION_COMMENTS = YES;
				CLANG_WARN_EMPTY_BODY = YES;
				CLANG_WARN_ENUM_CONVERSION = YES;
				CLANG_WARN_INFINITE_RECURSION = YES;
				CLANG_WARN_INT_CONVERSION = YES;
				CLANG_WARN_NON_LITERAL_NULL_CONVERSION = YES;
				CLANG_WARN_OBJC_IMPLICIT_RETAIN_SELF = YES;
				CLANG_WARN_OBJC_LITERAL_CONVERSION = YES;
				CLANG_WARN_OBJC_ROOT_CLASS = YES_ERROR;
				CLANG_WARN_QUOTED_INCLUDE_IN_FRAMEWORK_HEADER = YES;
				CLANG_WARN_RANGE_LOOP_ANALYSIS = YES;
				CLANG_WARN_STRICT_PROTOTYPES = YES;
				CLANG_WARN_SUSPICIOUS_MOVE = YES;
				CLANG_WARN_UNGUARDED_AVAILABILITY = YES_AGGRESSIVE;
				CLANG_WARN_UNREACHABLE_CODE = YES;
				CLANG_WARN__DUPLICATE_METHOD_MATCH = YES;
				COPY_PHASE_STRIP = NO;
				DEBUG_INFORMATION_FORMAT = dwarf;
				ENABLE_STRICT_OBJC_MSGSEND = YES;
				ENABLE_TESTABILITY = YES;
				GCC_C_LANGUAGE_STANDARD = gnu11;
				GCC_DYNAMIC_NO_PIC = NO;
				GCC_NO_COMMON_BLOCKS = YES;
				GCC_OPTIMIZATION_LEVEL = 0;
				GCC_PREPROCESSOR_DEFINITIONS = (
					"DEBUG=1",
					"$(inherited)",
				);
				GCC_WARN_64_TO_32_BIT_CONVERSION = YES;
				GCC_WARN_ABOUT_RETURN_TYPE = YES_ERROR;
				GCC_WARN_UNDECLARED_SELECTOR = YES;
				GCC_WARN_UNINITIALIZED_AUTOS = YES_AGGRESSIVE;
				GCC_WARN_UNUSED_FUNCTION = YES;
				GCC_WARN_UNUSED_VARIABLE = YES;
				IPHONEOS_DEPLOYMENT_TARGET = 15.0;
				MTL_ENABLE_DEBUG_INFO = INCLUDE_SOURCE;
				MTL_FAST_MATH = YES;
				ONLY_ACTIVE_ARCH = YES;
				SDKROOT = iphoneos;
				SWIFT_ACTIVE_COMPILATION_CONDITIONS = DEBUG;
				SWIFT_OPTIMIZATION_LEVEL = "-Onone";
			};
			name = Debug;
		};
		A4187ED8272885D40017F391 /* Release */ = {
			isa = XCBuildConfiguration;
			buildSettings = {
				ALWAYS_SEARCH_USER_PATHS = NO;
				CLANG_ANALYZER_NONNULL = YES;
				CLANG_ANALYZER_NUMBER_OBJECT_CONVERSION = YES_AGGRESSIVE;
				CLANG_CXX_LANGUAGE_STANDARD = "gnu++17";
				CLANG_CXX_LIBRARY = "libc++";
				CLANG_ENABLE_MODULES = YES;
				CLANG_ENABLE_OBJC_ARC = YES;
				CLANG_ENABLE_OBJC_WEAK = YES;
				CLANG_WARN_BLOCK_CAPTURE_AUTORELEASING = YES;
				CLANG_WARN_BOOL_CONVERSION = YES;
				CLANG_WARN_COMMA = YES;
				CLANG_WARN_CONSTANT_CONVERSION = YES;
				CLANG_WARN_DEPRECATED_OBJC_IMPLEMENTATIONS = YES;
				CLANG_WARN_DIRECT_OBJC_ISA_USAGE = YES_ERROR;
				CLANG_WARN_DOCUMENTATION_COMMENTS = YES;
				CLANG_WARN_EMPTY_BODY = YES;
				CLANG_WARN_ENUM_CONVERSION = YES;
				CLANG_WARN_INFINITE_RECURSION = YES;
				CLANG_WARN_INT_CONVERSION = YES;
				CLANG_WARN_NON_LITERAL_NULL_CONVERSION = YES;
				CLANG_WARN_OBJC_IMPLICIT_RETAIN_SELF = YES;
				CLANG_WARN_OBJC_LITERAL_CONVERSION = YES;
				CLANG_WARN_OBJC_ROOT_CLASS = YES_ERROR;
				CLANG_WARN_QUOTED_INCLUDE_IN_FRAMEWORK_HEADER = YES;
				CLANG_WARN_RANGE_LOOP_ANALYSIS = YES;
				CLANG_WARN_STRICT_PROTOTYPES = YES;
				CLANG_WARN_SUSPICIOUS_MOVE = YES;
				CLANG_WARN_UNGUARDED_AVAILABILITY = YES_AGGRESSIVE;
				CLANG_WARN_UNREACHABLE_CODE = YES;
				CLANG_WARN__DUPLICATE_METHOD_MATCH = YES;
				COPY_PHASE_STRIP = NO;
				DEBUG_INFORMATION_FORMAT = "dwarf-with-dsym";
				ENABLE_NS_ASSERTIONS = NO;
				ENABLE_STRICT_OBJC_MSGSEND = YES;
				GCC_C_LANGUAGE_STANDARD = gnu11;
				GCC_NO_COMMON_BLOCKS = YES;
				GCC_WARN_64_TO_32_BIT_CONVERSION = YES;
				GCC_WARN_ABOUT_RETURN_TYPE = YES_ERROR;
				GCC_WARN_UNDECLARED_SELECTOR = YES;
				GCC_WARN_UNINITIALIZED_AUTOS = YES_AGGRESSIVE;
				GCC_WARN_UNUSED_FUNCTION = YES;
				GCC_WARN_UNUSED_VARIABLE = YES;
				IPHONEOS_DEPLOYMENT_TARGET = 15.0;
				MTL_ENABLE_DEBUG_INFO = NO;
				MTL_FAST_MATH = YES;
				SDKROOT = iphoneos;
				SWIFT_COMPILATION_MODE = wholemodule;
				SWIFT_OPTIMIZATION_LEVEL = "-O";
				VALIDATE_PRODUCT = YES;
			};
			name = Release;
		};
		A4187EDA272885D40017F391 /* Debug */ = {
			isa = XCBuildConfiguration;
			buildSettings = {
				ASSETCATALOG_COMPILER_APPICON_NAME = AppIcon;
				ASSETCATALOG_COMPILER_GLOBAL_ACCENT_COLOR_NAME = AccentColor;
				CODE_SIGN_STYLE = Automatic;
				CURRENT_PROJECT_VERSION = 1;
				GENERATE_INFOPLIST_FILE = YES;
				INFOPLIST_FILE = UnitTestDemo/Info.plist;
				INFOPLIST_KEY_UIApplicationSupportsIndirectInputEvents = YES;
				INFOPLIST_KEY_UILaunchStoryboardName = LaunchScreen;
				INFOPLIST_KEY_UIMainStoryboardFile = Main;
				INFOPLIST_KEY_UISupportedInterfaceOrientations_iPad = "UIInterfaceOrientationPortrait UIInterfaceOrientationPortraitUpsideDown UIInterfaceOrientationLandscapeLeft UIInterfaceOrientationLandscapeRight";
				INFOPLIST_KEY_UISupportedInterfaceOrientations_iPhone = "UIInterfaceOrientationPortrait UIInterfaceOrientationLandscapeLeft UIInterfaceOrientationLandscapeRight";
				LD_RUNPATH_SEARCH_PATHS = (
					"$(inherited)",
					"@executable_path/Frameworks",
				);
				MARKETING_VERSION = 1.0;
				PRODUCT_BUNDLE_IDENTIFIER = com.akhtar.UnitTestDemo;
				PRODUCT_NAME = "$(TARGET_NAME)";
				SWIFT_EMIT_LOC_STRINGS = YES;
				SWIFT_VERSION = 5.0;
				TARGETED_DEVICE_FAMILY = "1,2";
			};
			name = Debug;
		};
		A4187EDB272885D40017F391 /* Release */ = {
			isa = XCBuildConfiguration;
			buildSettings = {
				ASSETCATALOG_COMPILER_APPICON_NAME = AppIcon;
				ASSETCATALOG_COMPILER_GLOBAL_ACCENT_COLOR_NAME = AccentColor;
				CODE_SIGN_STYLE = Automatic;
				CURRENT_PROJECT_VERSION = 1;
				GENERATE_INFOPLIST_FILE = YES;
				INFOPLIST_FILE = UnitTestDemo/Info.plist;
				INFOPLIST_KEY_UIApplicationSupportsIndirectInputEvents = YES;
				INFOPLIST_KEY_UILaunchStoryboardName = LaunchScreen;
				INFOPLIST_KEY_UIMainStoryboardFile = Main;
				INFOPLIST_KEY_UISupportedInterfaceOrientations_iPad = "UIInterfaceOrientationPortrait UIInterfaceOrientationPortraitUpsideDown UIInterfaceOrientationLandscapeLeft UIInterfaceOrientationLandscapeRight";
				INFOPLIST_KEY_UISupportedInterfaceOrientations_iPhone = "UIInterfaceOrientationPortrait UIInterfaceOrientationLandscapeLeft UIInterfaceOrientationLandscapeRight";
				LD_RUNPATH_SEARCH_PATHS = (
					"$(inherited)",
					"@executable_path/Frameworks",
				);
				MARKETING_VERSION = 1.0;
				PRODUCT_BUNDLE_IDENTIFIER = com.akhtar.UnitTestDemo;
				PRODUCT_NAME = "$(TARGET_NAME)";
				SWIFT_EMIT_LOC_STRINGS = YES;
				SWIFT_VERSION = 5.0;
				TARGETED_DEVICE_FAMILY = "1,2";
			};
			name = Release;
		};
		A4187EDD272885D40017F391 /* Debug */ = {
			isa = XCBuildConfiguration;
			buildSettings = {
				ALWAYS_EMBED_SWIFT_STANDARD_LIBRARIES = YES;
				BUNDLE_LOADER = "$(TEST_HOST)";
				CODE_SIGN_STYLE = Automatic;
				CURRENT_PROJECT_VERSION = 1;
				GENERATE_INFOPLIST_FILE = YES;
				IPHONEOS_DEPLOYMENT_TARGET = 15.0;
				LD_RUNPATH_SEARCH_PATHS = (
					"$(inherited)",
					"@executable_path/Frameworks",
					"@loader_path/Frameworks",
				);
				MARKETING_VERSION = 1.0;
				PRODUCT_BUNDLE_IDENTIFIER = com.akhtar.UnitTestDemoTests;
				PRODUCT_NAME = "$(TARGET_NAME)";
				SWIFT_EMIT_LOC_STRINGS = NO;
				SWIFT_VERSION = 5.0;
				TARGETED_DEVICE_FAMILY = "1,2";
				TEST_HOST = "$(BUILT_PRODUCTS_DIR)/UnitTestDemo.app/UnitTestDemo";
			};
			name = Debug;
		};
		A4187EDE272885D40017F391 /* Release */ = {
			isa = XCBuildConfiguration;
			buildSettings = {
				ALWAYS_EMBED_SWIFT_STANDARD_LIBRARIES = YES;
				BUNDLE_LOADER = "$(TEST_HOST)";
				CODE_SIGN_STYLE = Automatic;
				CURRENT_PROJECT_VERSION = 1;
				GENERATE_INFOPLIST_FILE = YES;
				IPHONEOS_DEPLOYMENT_TARGET = 15.0;
				LD_RUNPATH_SEARCH_PATHS = (
					"$(inherited)",
					"@executable_path/Frameworks",
					"@loader_path/Frameworks",
				);
				MARKETING_VERSION = 1.0;
				PRODUCT_BUNDLE_IDENTIFIER = com.akhtar.UnitTestDemoTests;
				PRODUCT_NAME = "$(TARGET_NAME)";
				SWIFT_EMIT_LOC_STRINGS = NO;
				SWIFT_VERSION = 5.0;
				TARGETED_DEVICE_FAMILY = "1,2";
				TEST_HOST = "$(BUILT_PRODUCTS_DIR)/UnitTestDemo.app/UnitTestDemo";
			};
			name = Release;
		};
		A4187EE0272885D40017F391 /* Debug */ = {
			isa = XCBuildConfiguration;
			buildSettings = {
				ALWAYS_EMBED_SWIFT_STANDARD_LIBRARIES = YES;
				CODE_SIGN_STYLE = Automatic;
				CURRENT_PROJECT_VERSION = 1;
				GENERATE_INFOPLIST_FILE = YES;
				LD_RUNPATH_SEARCH_PATHS = (
					"$(inherited)",
					"@executable_path/Frameworks",
					"@loader_path/Frameworks",
				);
				MARKETING_VERSION = 1.0;
				PRODUCT_BUNDLE_IDENTIFIER = com.akhtar.UnitTestDemoUITests;
				PRODUCT_NAME = "$(TARGET_NAME)";
				SWIFT_EMIT_LOC_STRINGS = NO;
				SWIFT_VERSION = 5.0;
				TARGETED_DEVICE_FAMILY = "1,2";
				TEST_TARGET_NAME = UnitTestDemo;
			};
			name = Debug;
		};
		A4187EE1272885D40017F391 /* Release */ = {
			isa = XCBuildConfiguration;
			buildSettings = {
				ALWAYS_EMBED_SWIFT_STANDARD_LIBRARIES = YES;
				CODE_SIGN_STYLE = Automatic;
				CURRENT_PROJECT_VERSION = 1;
				GENERATE_INFOPLIST_FILE = YES;
				LD_RUNPATH_SEARCH_PATHS = (
					"$(inherited)",
					"@executable_path/Frameworks",
					"@loader_path/Frameworks",
				);
				MARKETING_VERSION = 1.0;
				PRODUCT_BUNDLE_IDENTIFIER = com.akhtar.UnitTestDemoUITests;
				PRODUCT_NAME = "$(TARGET_NAME)";
				SWIFT_EMIT_LOC_STRINGS = NO;
				SWIFT_VERSION = 5.0;
				TARGETED_DEVICE_FAMILY = "1,2";
				TEST_TARGET_NAME = UnitTestDemo;
			};
			name = Release;
		};
/* End XCBuildConfiguration section */

/* Begin XCConfigurationList section */
		A4187EA7272885D20017F391 /* Build configuration list for PBXProject "UnitTestDemo" */ = {
			isa = XCConfigurationList;
			buildConfigurations = (
				A4187ED7272885D40017F391 /* Debug */,
				A4187ED8272885D40017F391 /* Release */,
			);
			defaultConfigurationIsVisible = 0;
			defaultConfigurationName = Release;
		};
		A4187ED9272885D40017F391 /* Build configuration list for PBXNativeTarget "UnitTestDemo" */ = {
			isa = XCConfigurationList;
			buildConfigurations = (
				A4187EDA272885D40017F391 /* Debug */,
				A4187EDB272885D40017F391 /* Release */,
			);
			defaultConfigurationIsVisible = 0;
			defaultConfigurationName = Release;
		};
		A4187EDC272885D40017F391 /* Build configuration list for PBXNativeTarget "UnitTestDemoTests" */ = {
			isa = XCConfigurationList;
			buildConfigurations = (
				A4187EDD272885D40017F391 /* Debug */,
				A4187EDE272885D40017F391 /* Release */,
			);
			defaultConfigurationIsVisible = 0;
			defaultConfigurationName = Release;
		};
		A4187EDF272885D40017F391 /* Build configuration list for PBXNativeTarget "UnitTestDemoUITests" */ = {
			isa = XCConfigurationList;
			buildConfigurations = (
				A4187EE0272885D40017F391 /* Debug */,
				A4187EE1272885D40017F391 /* Release */,
			);
			defaultConfigurationIsVisible = 0;
			defaultConfigurationName = Release;
		};
/* End XCConfigurationList section */

/* Begin XCVersionGroup section */
		A4187EB8272885D20017F391 /* UnitTestDemo.xcdatamodeld */ = {
			isa = XCVersionGroup;
			children = (
				A4187EB9272885D20017F391 /* UnitTestDemo.xcdatamodel */,
			);
			currentVersion = A4187EB9272885D20017F391 /* UnitTestDemo.xcdatamodel */;
			path = UnitTestDemo.xcdatamodeld;
			sourceTree = "<group>";
			versionGroupType = wrapper.xcdatamodel;
		};
/* End XCVersionGroup section */
	};
	rootObject = A4187EA4272885D20017F391 /* Project object */;
}
